version: 3
metadata:
  content_hash:
    osx-arm64: e90c2ee71ad70fc0a1c8302029533a7d1498f2bffcd0eaa8d2934700e775dc1d
  channels:
  - url: https://conda.anaconda.org/conda-forge/
    used_env_vars: []
  platforms:
  - osx-arm64
  sources: []
  time_metadata: null
  git_metadata: null
  inputs_metadata: null
  custom_metadata: null
package:
- platform: osx-arm64
  name: bzip2
  version: 1.0.8
  category: main
  manager: conda
  dependencies: []
  url: https://conda.anaconda.org/conda-forge/osx-arm64/bzip2-1.0.8-h93a5062_5.conda
  hash:
    md5: 1bbc659ca658bfd49a481b5ef7a0f40f
    sha256: bfa84296a638bea78a8bb29abc493ee95f2a0218775642474a840411b950fe5f
  build: h93a5062_5
  arch: aarch64
  subdir: osx-arm64
  build_number: 5
  license: bzip2-1.0.6
  license_family: BSD
  size: 122325
  timestamp: 1699280294368
- platform: osx-arm64
  name: ca-certificates
  version: 2023.11.17
  category: main
  manager: conda
  dependencies: []
  url: https://conda.anaconda.org/conda-forge/osx-arm64/ca-certificates-2023.11.17-hf0a4a13_0.conda
  hash:
    md5: c01da7c77cfcba2107174e25c1d47384
    sha256: 75f4762a55f7e9453a603c967d549bfa0a7a9669d502d103cb6fbf8c86d993c6
  build: hf0a4a13_0
  arch: aarch64
  subdir: osx-arm64
  build_number: 0
  license: ISC
  size: 154444
  timestamp: 1700280972188
- platform: osx-arm64
  name: libexpat
  version: 2.5.0
  category: main
  manager: conda
  dependencies: []
  url: https://conda.anaconda.org/conda-forge/osx-arm64/libexpat-2.5.0-hb7217d7_1.conda
  hash:
    md5: 5a097ad3d17e42c148c9566280481317
    sha256: 7d143a9c991579ad4207f84c632650a571c66329090daa32b3c87cf7311c3381
  build: hb7217d7_1
  arch: aarch64
  subdir: osx-arm64
  build_number: 1
  constrains:
  - expat 2.5.0.*
  license: MIT
  license_family: MIT
  size: 63442
  timestamp: 1680190916539
- platform: osx-arm64
  name: libffi
  version: 3.4.2
  category: main
  manager: conda
  dependencies: []
  url: https://conda.anaconda.org/conda-forge/osx-arm64/libffi-3.4.2-h3422bc3_5.tar.bz2
  hash:
    md5: 086914b672be056eb70fd4285b6783b6
    sha256: 41b3d13efb775e340e4dba549ab5c029611ea6918703096b2eaa9c015c0750ca
  build: h3422bc3_5
  arch: aarch64
  subdir: osx-arm64
  build_number: 5
  license: MIT
  license_family: MIT
  size: 39020
  timestamp: 1636488587153
- platform: osx-arm64
  name: libsqlite
  version: 3.44.2
  category: main
  manager: conda
  dependencies:
  - libzlib >=1.2.13,<1.3.0a0
  url: https://conda.anaconda.org/conda-forge/osx-arm64/libsqlite-3.44.2-h091b4b1_0.conda
  hash:
    md5: d7e1af696cfadec251a0abdd7b79ed77
    sha256: f0dc2fe69eddb4bab72ff6bb0da51d689294f466ee1b01e80ced1e7878a21aa5
  build: h091b4b1_0
  arch: aarch64
  subdir: osx-arm64
  build_number: 0
  license: Unlicense
  size: 815254
  timestamp: 1700863572318
- platform: osx-arm64
  name: libzlib
  version: 1.2.13
  category: main
  manager: conda
  dependencies: []
  url: https://conda.anaconda.org/conda-forge/osx-arm64/libzlib-1.2.13-h53f4e23_5.conda
  hash:
    md5: 1a47f5236db2e06a320ffa0392f81bd8
    sha256: ab1c8aefa2d54322a63aaeeefe9cf877411851738616c4068e0dccc66b9c758a
  build: h53f4e23_5
  arch: aarch64
  subdir: osx-arm64
  build_number: 5
  constrains:
  - zlib 1.2.13 *_5
  license: Zlib
  license_family: Other
  size: 48102
  timestamp: 1686575426584
- platform: osx-arm64
  name: ncurses
  version: '6.4'
  category: main
  manager: conda
  dependencies:
  - __osx >=10.9
  url: https://conda.anaconda.org/conda-forge/osx-arm64/ncurses-6.4-h463b476_2.conda
  hash:
    md5: 52b6f254a7b9663e854f44b6570ed982
    sha256: f6890634f815e8408d08f36503353f8dfd7b055e4c3b9ea2ee52180255cf4b0a
  build: h463b476_2
  arch: aarch64
  subdir: osx-arm64
  build_number: 2
  license: X11 AND BSD-3-Clause
  size: 794741
  timestamp: 1698751574074
- platform: osx-arm64
  name: openssl
  version: 3.2.0
  category: main
  manager: conda
  dependencies:
  - ca-certificates
  url: https://conda.anaconda.org/conda-forge/osx-arm64/openssl-3.2.0-h0d3ecfb_1.conda
  hash:
    md5: 47d16d26100f19ca495882882b7bc93b
    sha256: a53e1c6c058b621fd1d13cca6f9cccd534d2b3f4b4ac789fe26f7902031d6c41
  build: h0d3ecfb_1
  arch: aarch64
  subdir: osx-arm64
  build_number: 1
  constrains:
  - pyopenssl >=22.1
  license: Apache-2.0
  license_family: Apache
  size: 2856233
  timestamp: 1701162541844
- platform: osx-arm64
  name: python
  version: 3.12.0
  category: main
  manager: conda
  dependencies:
  - bzip2 >=1.0.8,<2.0a0
  - libexpat >=2.5.0,<3.0a0
  - libffi >=3.4,<4.0a0
  - libsqlite >=3.43.0,<4.0a0
  - libzlib >=1.2.13,<1.3.0a0
  - ncurses >=6.4,<7.0a0
  - openssl >=3.1.3,<4.0a0
  - readline >=8.2,<9.0a0
  - tk >=8.6.13,<8.7.0a0
  - tzdata
  - xz >=5.2.6,<6.0a0
  url: https://conda.anaconda.org/conda-forge/osx-arm64/python-3.12.0-h47c9636_0_cpython.conda
  hash:
    md5: ed8ae98b1b510de68392971b9367d18c
    sha256: eb66f8f249caa9d5a956c3a407f079e4779d652ebfc2a4b4f50dcea078e84fa8
  build: h47c9636_0_cpython
  arch: aarch64
  subdir: osx-arm64
  build_number: 0
  constrains:
  - python_abi 3.12.* *_cp312
  license: Python-2.0
  size: 13306758
  timestamp: 1696322682581
- platform: osx-arm64
  name: readline
  version: '8.2'
  category: main
  manager: conda
  dependencies:
  - ncurses >=6.3,<7.0a0
  url: https://conda.anaconda.org/conda-forge/osx-arm64/readline-8.2-h92ec313_1.conda
  hash:
    md5: 8cbb776a2f641b943d413b3e19df71f4
    sha256: a1dfa679ac3f6007362386576a704ad2d0d7a02e98f5d0b115f207a2da63e884
  build: h92ec313_1
  arch: aarch64
  subdir: osx-arm64
  build_number: 1
  license: GPL-3.0-only
  license_family: GPL
  size: 250351
  timestamp: 1679532511311
- platform: osx-arm64
  name: tk
  version: 8.6.13
  category: main
  manager: conda
  dependencies:
  - libzlib >=1.2.13,<1.3.0a0
  url: https://conda.anaconda.org/conda-forge/osx-arm64/tk-8.6.13-h5083fa2_1.conda
  hash:
    md5: b50a57ba89c32b62428b71a875291c9b
    sha256: 72457ad031b4c048e5891f3f6cb27a53cb479db68a52d965f796910e71a403a8
  build: h5083fa2_1
  arch: aarch64
  subdir: osx-arm64
  build_number: 1
  license: TCL
  license_family: BSD
  size: 3145523
  timestamp: 1699202432999
- platform: osx-arm64
  name: tzdata
  version: 2023c
  category: main
  manager: conda
  dependencies: []
  url: https://conda.anaconda.org/conda-forge/noarch/tzdata-2023c-h71feb2d_0.conda
  hash:
    md5: 939e3e74d8be4dac89ce83b20de2492a
    sha256: 0449138224adfa125b220154408419ec37c06b0b49f63c5954724325903ecf55
  build: h71feb2d_0
  arch: aarch64
  subdir: osx-arm64
  build_number: 0
  license: LicenseRef-Public-Domain
  noarch: generic
  size: 117580
  timestamp: 1680041306008
- platform: osx-arm64
  name: xz
  version: 5.2.6
  category: main
  manager: conda
  dependencies: []
  url: https://conda.anaconda.org/conda-forge/osx-arm64/xz-5.2.6-h57fd34a_0.tar.bz2
  hash:
    md5: 39c6b54e94014701dd157f4f576ed211
    sha256: 59d78af0c3e071021cfe82dc40134c19dab8cdf804324b62940f5c8cd71803ec
  build: h57fd34a_0
  arch: aarch64
  subdir: osx-arm64
  build_number: 0
  license: LGPL-2.1 and GPL-2.0
  size: 235693
  timestamp: 1660346961024
